
Microsoft Visual Studio Solution File, Format Version 12.00
# Visual Studio Version 17
VisualStudioVersion = 17.11.35303.130
MinimumVisualStudioVersion = 10.0.40219.1
Project("{FAE04EC0-301F-11D3-BF4B-00C04F79EFBC}") = "PackLibrary", "PackLibrary\PackLibrary.csproj", "{CE58DDC4-5FF0-4580-84FE-EA78EC848F2B}"
EndProject
Project("{FAE04EC0-301F-11D3-BF4B-00C04F79EFBC}") = "PeopleApp", "PeopleApp\PeopleApp.csproj", "{CA320C50-8932-4CC5-9989-1513F24EF634}"
EndProject
Global
	GlobalSection(SolutionConfigurationPlatforms) = preSolution
		Debug|Any CPU = Debug|Any CPU
		Release|Any CPU = Release|Any CPU
	EndGlobalSection
	GlobalSection(ProjectConfigurationPlatforms) = postSolution
		{CE58DDC4-5FF0-4580-84FE-EA78EC848F2B}.Debug|Any CPU.ActiveCfg = Debug|Any CPU
		{CE58DDC4-5FF0-4580-84FE-EA78EC848F2B}.Debug|Any CPU.Build.0 = Debug|Any CPU
		{CE58DDC4-5FF0-4580-84FE-EA78EC848F2B}.Release|Any CPU.ActiveCfg = Release|Any CPU
		{CE58DDC4-5FF0-4580-84FE-EA78EC848F2B}.Release|Any CPU.Build.0 = Release|Any CPU
		{CA320C50-8932-4CC5-9989-1513F24EF634}.Debug|Any CPU.ActiveCfg = Debug|Any CPU
		{CA320C50-8932-4CC5-9989-1513F24EF634}.Debug|Any CPU.Build.0 = Debug|Any CPU
		{CA320C50-8932-4CC5-9989-1513F24EF634}.Release|Any CPU.ActiveCfg = Release|Any CPU
		{CA320C50-8932-4CC5-9989-1513F24EF634}.Release|Any CPU.Build.0 = Release|Any CPU
	EndGlobalSection
	GlobalSection(SolutionProperties) = preSolution
		HideSolutionNode = FALSE
	EndGlobalSection
	GlobalSection(ExtensibilityGlobals) = postSolution
		SolutionGuid = {2E79C820-BC3A-4651-8D27-BC19416DD52A}
	EndGlobalSection
EndGlobal
